// !$*UTF8*$!
{
	archiveVersion = 1;
	classes = {
	};
	objectVersion = 48;
	objects = {

/* Begin PBXBuildFile section */
		04BE48571F962800001A9CD0 /* Assets.xcassets in Resources */ = {isa = PBXBuildFile; fileRef = 04BE48561F962800001A9CD0 /* Assets.xcassets */; };
		04BE485A1F962800001A9CD0 /* LaunchScreen.storyboard in Resources */ = {isa = PBXBuildFile; fileRef = 04BE48581F962800001A9CD0 /* LaunchScreen.storyboard */; };
		04BE485D1F962800001A9CD0 /* main.m in Sources */ = {isa = PBXBuildFile; fileRef = 04BE485C1F962800001A9CD0 /* main.m */; };
		04BE48671F962800001A9CD0 /* HHGameTests.m in Sources */ = {isa = PBXBuildFile; fileRef = 04BE48661F962800001A9CD0 /* HHGameTests.m */; };
		04BE48721F962800001A9CD0 /* HHGameUITests.m in Sources */ = {isa = PBXBuildFile; fileRef = 04BE48711F962800001A9CD0 /* HHGameUITests.m */; };
		04BE48A01F962AC0001A9CD0 /* HHNavCtl.m in Sources */ = {isa = PBXBuildFile; fileRef = 04BE489F1F962AC0001A9CD0 /* HHNavCtl.m */; };
		04BE48A31F962ADC001A9CD0 /* HHTabBarCtl.m in Sources */ = {isa = PBXBuildFile; fileRef = 04BE48A21F962ADC001A9CD0 /* HHTabBarCtl.m */; };
		D3751461742B3170714B27CB /* Pods_HHGame.framework in Frameworks */ = {isa = PBXBuildFile; fileRef = 59137E805422BCFD5503DDE9 /* Pods_HHGame.framework */; };
/* End PBXBuildFile section */

/* Begin PBXContainerItemProxy section */
		04BE48631F962800001A9CD0 /* PBXContainerItemProxy */ = {
			isa = PBXContainerItemProxy;
			containerPortal = 04BE48421F962800001A9CD0 /* Project object */;
			proxyType = 1;
			remoteGlobalIDString = 04BE48491F962800001A9CD0;
			remoteInfo = HHGame;
		};
		04BE486E1F962800001A9CD0 /* PBXContainerItemProxy */ = {
			isa = PBXContainerItemProxy;
			containerPortal = 04BE48421F962800001A9CD0 /* Project object */;
			proxyType = 1;
			remoteGlobalIDString = 04BE48491F962800001A9CD0;
			remoteInfo = HHGame;
		};
/* End PBXContainerItemProxy section */

/* Begin PBXFileReference section */
		04BE484A1F962800001A9CD0 /* HHGame.app */ = {isa = PBXFileReference; explicitFileType = wrapper.application; includeInIndex = 0; path = HHGame.app; sourceTree = BUILT_PRODUCTS_DIR; };
		04BE48561F962800001A9CD0 /* Assets.xcassets */ = {isa = PBXFileReference; lastKnownFileType = folder.assetcatalog; path = Assets.xcassets; sourceTree = "<group>"; };
		04BE48591F962800001A9CD0 /* Base */ = {isa = PBXFileReference; lastKnownFileType = file.storyboard; name = Base; path = Base.lproj/LaunchScreen.storyboard; sourceTree = "<group>"; };
		04BE485B1F962800001A9CD0 /* Info.plist */ = {isa = PBXFileReference; lastKnownFileType = text.plist.xml; path = Info.plist; sourceTree = "<group>"; };
		04BE485C1F962800001A9CD0 /* main.m */ = {isa = PBXFileReference; lastKnownFileType = sourcecode.c.objc; path = main.m; sourceTree = "<group>"; };
		04BE48621F962800001A9CD0 /* HHGameTests.xctest */ = {isa = PBXFileReference; explicitFileType = wrapper.cfbundle; includeInIndex = 0; path = HHGameTests.xctest; sourceTree = BUILT_PRODUCTS_DIR; };
		04BE48661F962800001A9CD0 /* HHGameTests.m */ = {isa = PBXFileReference; lastKnownFileType = sourcecode.c.objc; path = HHGameTests.m; sourceTree = "<group>"; };
		04BE48681F962800001A9CD0 /* Info.plist */ = {isa = PBXFileReference; lastKnownFileType = text.plist.xml; path = Info.plist; sourceTree = "<group>"; };
		04BE486D1F962800001A9CD0 /* HHGameUITests.xctest */ = {isa = PBXFileReference; explicitFileType = wrapper.cfbundle; includeInIndex = 0; path = HHGameUITests.xctest; sourceTree = BUILT_PRODUCTS_DIR; };
		04BE48711F962800001A9CD0 /* HHGameUITests.m */ = {isa = PBXFileReference; lastKnownFileType = sourcecode.c.objc; path = HHGameUITests.m; sourceTree = "<group>"; };
		04BE48731F962800001A9CD0 /* Info.plist */ = {isa = PBXFileReference; lastKnownFileType = text.plist.xml; path = Info.plist; sourceTree = "<group>"; };
		04BE489C1F962A62001A9CD0 /* AppDelegate.m */ = {isa = PBXFileReference; lastKnownFileType = sourcecode.c.objc; path = AppDelegate.m; sourceTree = "<group>"; };
		04BE489D1F962A62001A9CD0 /* AppDelegate.h */ = {isa = PBXFileReference; lastKnownFileType = sourcecode.c.h; path = AppDelegate.h; sourceTree = "<group>"; };
		04BE489E1F962AC0001A9CD0 /* HHNavCtl.h */ = {isa = PBXFileReference; lastKnownFileType = sourcecode.c.h; path = HHNavCtl.h; sourceTree = "<group>"; };
		04BE489F1F962AC0001A9CD0 /* HHNavCtl.m */ = {isa = PBXFileReference; lastKnownFileType = sourcecode.c.objc; path = HHNavCtl.m; sourceTree = "<group>"; };
		04BE48A11F962ADC001A9CD0 /* HHTabBarCtl.h */ = {isa = PBXFileReference; lastKnownFileType = sourcecode.c.h; path = HHTabBarCtl.h; sourceTree = "<group>"; };
		04BE48A21F962ADC001A9CD0 /* HHTabBarCtl.m */ = {isa = PBXFileReference; lastKnownFileType = sourcecode.c.objc; path = HHTabBarCtl.m; sourceTree = "<group>"; };
		59137E805422BCFD5503DDE9 /* Pods_HHGame.framework */ = {isa = PBXFileReference; explicitFileType = wrapper.framework; includeInIndex = 0; path = Pods_HHGame.framework; sourceTree = BUILT_PRODUCTS_DIR; };
		B1DAA1DE4BB798ADB736FFA0 /* Pods-HHGame.release.xcconfig */ = {isa = PBXFileReference; includeInIndex = 1; lastKnownFileType = text.xcconfig; name = "Pods-HHGame.release.xcconfig"; path = "Pods/Target Support Files/Pods-HHGame/Pods-HHGame.release.xcconfig"; sourceTree = "<group>"; };
		DFDFC85BE076EF6784C7E09F /* Pods-HHGame.debug.xcconfig */ = {isa = PBXFileReference; includeInIndex = 1; lastKnownFileType = text.xcconfig; name = "Pods-HHGame.debug.xcconfig"; path = "Pods/Target Support Files/Pods-HHGame/Pods-HHGame.debug.xcconfig"; sourceTree = "<group>"; };
/* End PBXFileReference section */

/* Begin PBXFrameworksBuildPhase section */
		04BE48471F962800001A9CD0 /* Frameworks */ = {
			isa = PBXFrameworksBuildPhase;
			buildActionMask = 2147483647;
			files = (
				D3751461742B3170714B27CB /* Pods_HHGame.framework in Frameworks */,
			);
			runOnlyForDeploymentPostprocessing = 0;
		};
		04BE485F1F962800001A9CD0 /* Frameworks */ = {
			isa = PBXFrameworksBuildPhase;
			buildActionMask = 2147483647;
			files = (
			);
			runOnlyForDeploymentPostprocessing = 0;
		};
		04BE486A1F962800001A9CD0 /* Frameworks */ = {
			isa = PBXFrameworksBuildPhase;
			buildActionMask = 2147483647;
			files = (
			);
			runOnlyForDeploymentPostprocessing = 0;
		};
/* End PBXFrameworksBuildPhase section */

/* Begin PBXGroup section */
		04BE48411F962800001A9CD0 = {
			isa = PBXGroup;
			children = (
				04BE484C1F962800001A9CD0 /* HHGame */,
				04BE48651F962800001A9CD0 /* HHGameTests */,
				04BE48701F962800001A9CD0 /* HHGameUITests */,
				04BE484B1F962800001A9CD0 /* Products */,
				11617798C64E29997535B1D9 /* Pods */,
				BE28E2C8F219B95A58B40A03 /* Frameworks */,
			);
			sourceTree = "<group>";
		};
		04BE484B1F962800001A9CD0 /* Products */ = {
			isa = PBXGroup;
			children = (
				04BE484A1F962800001A9CD0 /* HHGame.app */,
				04BE48621F962800001A9CD0 /* HHGameTests.xctest */,
				04BE486D1F962800001A9CD0 /* HHGameUITests.xctest */,
			);
			name = Products;
			sourceTree = "<group>";
		};
		04BE484C1F962800001A9CD0 /* HHGame */ = {
			isa = PBXGroup;
			children = (
				04BE487F1F9629B7001A9CD0 /* Information */,
				04BE48831F9629BE001A9CD0 /* Guess */,
				04BE48871F9629C6001A9CD0 /* AroundLe */,
				04BE488B1F9629CA001A9CD0 /* Found */,
				04BE488F1F9629D0001A9CD0 /* PersonalCenter */,
				04BE48931F9629D5001A9CD0 /* Main */,
				04BE48981F9629D9001A9CD0 /* Tools */,
				04BE48561F962800001A9CD0 /* Assets.xcassets */,
				04BE48581F962800001A9CD0 /* LaunchScreen.storyboard */,
				04BE485B1F962800001A9CD0 /* Info.plist */,
				04BE485C1F962800001A9CD0 /* main.m */,
			);
			path = HHGame;
			sourceTree = "<group>";
		};
		04BE48651F962800001A9CD0 /* HHGameTests */ = {
			isa = PBXGroup;
			children = (
				04BE48661F962800001A9CD0 /* HHGameTests.m */,
				04BE48681F962800001A9CD0 /* Info.plist */,
			);
			path = HHGameTests;
			sourceTree = "<group>";
		};
		04BE48701F962800001A9CD0 /* HHGameUITests */ = {
			isa = PBXGroup;
			children = (
				04BE48711F962800001A9CD0 /* HHGameUITests.m */,
				04BE48731F962800001A9CD0 /* Info.plist */,
			);
			path = HHGameUITests;
			sourceTree = "<group>";
		};
		04BE487F1F9629B7001A9CD0 /* Information */ = {
			isa = PBXGroup;
			children = (
				04BE48801F9629B7001A9CD0 /* Model */,
				04BE48811F9629B7001A9CD0 /* View */,
				04BE48821F9629B7001A9CD0 /* ViewController */,
			);
			path = Information;
			sourceTree = "<group>";
		};
		04BE48801F9629B7001A9CD0 /* Model */ = {
			isa = PBXGroup;
			children = (
			);
			path = Model;
			sourceTree = "<group>";
		};
		04BE48811F9629B7001A9CD0 /* View */ = {
			isa = PBXGroup;
			children = (
			);
			path = View;
			sourceTree = "<group>";
		};
		04BE48821F9629B7001A9CD0 /* ViewController */ = {
			isa = PBXGroup;
			children = (
			);
			path = ViewController;
			sourceTree = "<group>";
		};
		04BE48831F9629BE001A9CD0 /* Guess */ = {
			isa = PBXGroup;
			children = (
				04BE48841F9629BE001A9CD0 /* Model */,
				04BE48851F9629BE001A9CD0 /* View */,
				04BE48861F9629BE001A9CD0 /* ViewController */,
			);
			path = Guess;
			sourceTree = "<group>";
		};
		04BE48841F9629BE001A9CD0 /* Model */ = {
			isa = PBXGroup;
			children = (
			);
			path = Model;
			sourceTree = "<group>";
		};
		04BE48851F9629BE001A9CD0 /* View */ = {
			isa = PBXGroup;
			children = (
			);
			path = View;
			sourceTree = "<group>";
		};
		04BE48861F9629BE001A9CD0 /* ViewController */ = {
			isa = PBXGroup;
			children = (
			);
			path = ViewController;
			sourceTree = "<group>";
		};
		04BE48871F9629C6001A9CD0 /* AroundLe */ = {
			isa = PBXGroup;
			children = (
				04BE48881F9629C6001A9CD0 /* Model */,
				04BE48891F9629C6001A9CD0 /* View */,
				04BE488A1F9629C6001A9CD0 /* ViewController */,
			);
			path = AroundLe;
			sourceTree = "<group>";
		};
		04BE48881F9629C6001A9CD0 /* Model */ = {
			isa = PBXGroup;
			children = (
			);
			path = Model;
			sourceTree = "<group>";
		};
		04BE48891F9629C6001A9CD0 /* View */ = {
			isa = PBXGroup;
			children = (
			);
			path = View;
			sourceTree = "<group>";
		};
		04BE488A1F9629C6001A9CD0 /* ViewController */ = {
			isa = PBXGroup;
			children = (
			);
			path = ViewController;
			sourceTree = "<group>";
		};
		04BE488B1F9629CA001A9CD0 /* Found */ = {
			isa = PBXGroup;
			children = (
				04BE488C1F9629CA001A9CD0 /* Model */,
				04BE488D1F9629CA001A9CD0 /* View */,
				04BE488E1F9629CA001A9CD0 /* ViewController */,
			);
			path = Found;
			sourceTree = "<group>";
		};
		04BE488C1F9629CA001A9CD0 /* Model */ = {
			isa = PBXGroup;
			children = (
			);
			path = Model;
			sourceTree = "<group>";
		};
		04BE488D1F9629CA001A9CD0 /* View */ = {
			isa = PBXGroup;
			children = (
			);
			path = View;
			sourceTree = "<group>";
		};
		04BE488E1F9629CA001A9CD0 /* ViewController */ = {
			isa = PBXGroup;
			children = (
			);
			path = ViewController;
			sourceTree = "<group>";
		};
		04BE488F1F9629D0001A9CD0 /* PersonalCenter */ = {
			isa = PBXGroup;
			children = (
				04BE48901F9629D0001A9CD0 /* Model */,
				04BE48911F9629D0001A9CD0 /* View */,
				04BE48921F9629D0001A9CD0 /* ViewController */,
			);
			path = PersonalCenter;
			sourceTree = "<group>";
		};
		04BE48901F9629D0001A9CD0 /* Model */ = {
			isa = PBXGroup;
			children = (
			);
			path = Model;
			sourceTree = "<group>";
		};
		04BE48911F9629D0001A9CD0 /* View */ = {
			isa = PBXGroup;
			children = (
			);
			path = View;
			sourceTree = "<group>";
		};
		04BE48921F9629D0001A9CD0 /* ViewController */ = {
			isa = PBXGroup;
			children = (
			);
			path = ViewController;
			sourceTree = "<group>";
		};
		04BE48931F9629D5001A9CD0 /* Main */ = {
			isa = PBXGroup;
			children = (
				04BE48941F9629D5001A9CD0 /* AppDelegate */,
				04BE48951F9629D5001A9CD0 /* Common */,
				04BE48961F9629D5001A9CD0 /* Controller */,
				04BE48971F9629D5001A9CD0 /* MacroDefinition */,
			);
			path = Main;
			sourceTree = "<group>";
		};
		04BE48941F9629D5001A9CD0 /* AppDelegate */ = {
			isa = PBXGroup;
			children = (
				04BE489D1F962A62001A9CD0 /* AppDelegate.h */,
				04BE489C1F962A62001A9CD0 /* AppDelegate.m */,
			);
			path = AppDelegate;
			sourceTree = "<group>";
		};
		04BE48951F9629D5001A9CD0 /* Common */ = {
			isa = PBXGroup;
			children = (
			);
			path = Common;
			sourceTree = "<group>";
		};
		04BE48961F9629D5001A9CD0 /* Controller */ = {
			isa = PBXGroup;
			children = (
				04BE489E1F962AC0001A9CD0 /* HHNavCtl.h */,
				04BE489F1F962AC0001A9CD0 /* HHNavCtl.m */,
				04BE48A11F962ADC001A9CD0 /* HHTabBarCtl.h */,
				04BE48A21F962ADC001A9CD0 /* HHTabBarCtl.m */,
			);
			path = Controller;
			sourceTree = "<group>";
		};
		04BE48971F9629D5001A9CD0 /* MacroDefinition */ = {
			isa = PBXGroup;
			children = (
			);
			path = MacroDefinition;
			sourceTree = "<group>";
		};
		04BE48981F9629D9001A9CD0 /* Tools */ = {
			isa = PBXGroup;
			children = (
				04BE48991F9629D9001A9CD0 /* Category */,
				04BE489A1F9629D9001A9CD0 /* Lib */,
				04BE489B1F9629D9001A9CD0 /* Tool */,
			);
			path = Tools;
			sourceTree = "<group>";
		};
		04BE48991F9629D9001A9CD0 /* Category */ = {
			isa = PBXGroup;
			children = (
			);
			path = Category;
			sourceTree = "<group>";
		};
		04BE489A1F9629D9001A9CD0 /* Lib */ = {
			isa = PBXGroup;
			children = (
			);
			path = Lib;
			sourceTree = "<group>";
		};
		04BE489B1F9629D9001A9CD0 /* Tool */ = {
			isa = PBXGroup;
			children = (
			);
			path = Tool;
			sourceTree = "<group>";
		};
		11617798C64E29997535B1D9 /* Pods */ = {
			isa = PBXGroup;
			children = (
				DFDFC85BE076EF6784C7E09F /* Pods-HHGame.debug.xcconfig */,
				B1DAA1DE4BB798ADB736FFA0 /* Pods-HHGame.release.xcconfig */,
			);
			name = Pods;
			sourceTree = "<group>";
		};
		BE28E2C8F219B95A58B40A03 /* Frameworks */ = {
			isa = PBXGroup;
			children = (
				59137E805422BCFD5503DDE9 /* Pods_HHGame.framework */,
			);
			name = Frameworks;
			sourceTree = "<group>";
		};
/* End PBXGroup section */

/* Begin PBXNativeTarget section */
		04BE48491F962800001A9CD0 /* HHGame */ = {
			isa = PBXNativeTarget;
			buildConfigurationList = 04BE48761F962800001A9CD0 /* Build configuration list for PBXNativeTarget "HHGame" */;
			buildPhases = (
				8F190B8543E4FDA1229D899C /* [CP] Check Pods Manifest.lock */,
				04BE48461F962800001A9CD0 /* Sources */,
				04BE48471F962800001A9CD0 /* Frameworks */,
				04BE48481F962800001A9CD0 /* Resources */,
				485871280FD5D7D0B58EE29B /* [CP] Embed Pods Frameworks */,
				09E76CBD8F514FA42914DFD1 /* [CP] Copy Pods Resources */,
			);
			buildRules = (
			);
			dependencies = (
			);
			name = HHGame;
			productName = HHGame;
			productReference = 04BE484A1F962800001A9CD0 /* HHGame.app */;
			productType = "com.apple.product-type.application";
		};
		04BE48611F962800001A9CD0 /* HHGameTests */ = {
			isa = PBXNativeTarget;
			buildConfigurationList = 04BE48791F962800001A9CD0 /* Build configuration list for PBXNativeTarget "HHGameTests" */;
			buildPhases = (
				04BE485E1F962800001A9CD0 /* Sources */,
				04BE485F1F962800001A9CD0 /* Frameworks */,
				04BE48601F962800001A9CD0 /* Resources */,
			);
			buildRules = (
			);
			dependencies = (
				04BE48641F962800001A9CD0 /* PBXTargetDependency */,
			);
			name = HHGameTests;
			productName = HHGameTests;
			productReference = 04BE48621F962800001A9CD0 /* HHGameTests.xctest */;
			productType = "com.apple.product-type.bundle.unit-test";
		};
		04BE486C1F962800001A9CD0 /* HHGameUITests */ = {
			isa = PBXNativeTarget;
			buildConfigurationList = 04BE487C1F962800001A9CD0 /* Build configuration list for PBXNativeTarget "HHGameUITests" */;
			buildPhases = (
				04BE48691F962800001A9CD0 /* Sources */,
				04BE486A1F962800001A9CD0 /* Frameworks */,
				04BE486B1F962800001A9CD0 /* Resources */,
			);
			buildRules = (
			);
			dependencies = (
				04BE486F1F962800001A9CD0 /* PBXTargetDependency */,
			);
			name = HHGameUITests;
			productName = HHGameUITests;
			productReference = 04BE486D1F962800001A9CD0 /* HHGameUITests.xctest */;
			productType = "com.apple.product-type.bundle.ui-testing";
		};
/* End PBXNativeTarget section */

/* Begin PBXProject section */
		04BE48421F962800001A9CD0 /* Project object */ = {
			isa = PBXProject;
			attributes = {
				CLASSPREFIX = HH;
				LastUpgradeCheck = 0900;
				ORGANIZATIONNAME = "辉宏工作室";
				TargetAttributes = {
					04BE48491F962800001A9CD0 = {
						CreatedOnToolsVersion = 9.0;
						ProvisioningStyle = Automatic;
					};
					04BE48611F962800001A9CD0 = {
						CreatedOnToolsVersion = 9.0;
						ProvisioningStyle = Automatic;
						TestTargetID = 04BE48491F962800001A9CD0;
					};
					04BE486C1F962800001A9CD0 = {
						CreatedOnToolsVersion = 9.0;
						ProvisioningStyle = Automatic;
						TestTargetID = 04BE48491F962800001A9CD0;
					};
				};
			};
			buildConfigurationList = 04BE48451F962800001A9CD0 /* Build configuration list for PBXProject "HHGame" */;
			compatibilityVersion = "Xcode 8.0";
			developmentRegion = en;
			hasScannedForEncodings = 0;
			knownRegions = (
				en,
				Base,
			);
			mainGroup = 04BE48411F962800001A9CD0;
			productRefGroup = 04BE484B1F962800001A9CD0 /* Products */;
			projectDirPath = "";
			projectRoot = "";
			targets = (
				04BE48491F962800001A9CD0 /* HHGame */,
				04BE48611F962800001A9CD0 /* HHGameTests */,
				04BE486C1F962800001A9CD0 /* HHGameUITests */,
			);
		};
/* End PBXProject section */

/* Begin PBXResourcesBuildPhase section */
		04BE48481F962800001A9CD0 /* Resources */ = {
			isa = PBXResourcesBuildPhase;
			buildActionMask = 2147483647;
			files = (
				04BE485A1F962800001A9CD0 /* LaunchScreen.storyboard in Resources */,
				04BE48571F962800001A9CD0 /* Assets.xcassets in Resources */,
			);
			runOnlyForDeploymentPostprocessing = 0;
		};
		04BE48601F962800001A9CD0 /* Resources */ = {
			isa = PBXResourcesBuildPhase;
			buildActionMask = 2147483647;
			files = (
			);
			runOnlyForDeploymentPostprocessing = 0;
		};
		04BE486B1F962800001A9CD0 /* Resources */ = {
			isa = PBXResourcesBuildPhase;
			buildActionMask = 2147483647;
			files = (
			);
			runOnlyForDeploymentPostprocessing = 0;
		};
/* End PBXResourcesBuildPhase section */

/* Begin PBXShellScriptBuildPhase section */
		09E76CBD8F514FA42914DFD1 /* [CP] Copy Pods Resources */ = {
			isa = PBXShellScriptBuildPhase;
			buildActionMask = 2147483647;
			files = (
			);
			inputPaths = (
			);
			name = "[CP] Copy Pods Resources";
			outputPaths = (
			);
			runOnlyForDeploymentPostprocessing = 0;
			shellPath = /bin/sh;
			shellScript = "\"${SRCROOT}/Pods/Target Support Files/Pods-HHGame/Pods-HHGame-resources.sh\"\n";
			showEnvVarsInLog = 0;
		};
		485871280FD5D7D0B58EE29B /* [CP] Embed Pods Frameworks */ = {
			isa = PBXShellScriptBuildPhase;
			buildActionMask = 2147483647;
			files = (
			);
			inputPaths = (
			);
			name = "[CP] Embed Pods Frameworks";
			outputPaths = (
			);
			runOnlyForDeploymentPostprocessing = 0;
			shellPath = /bin/sh;
			shellScript = "\"${SRCROOT}/Pods/Target Support Files/Pods-HHGame/Pods-HHGame-frameworks.sh\"\n";
			showEnvVarsInLog = 0;
		};
		8F190B8543E4FDA1229D899C /* [CP] Check Pods Manifest.lock */ = {
			isa = PBXShellScriptBuildPhase;
			buildActionMask = 2147483647;
			files = (
			);
			inputPaths = (
			);
			name = "[CP] Check Pods Manifest.lock";
			outputPaths = (
			);
			runOnlyForDeploymentPostprocessing = 0;
			shellPath = /bin/sh;
			shellScript = "diff \"${PODS_PODFILE_DIR_PATH}/Podfile.lock\" \"${PODS_ROOT}/Manifest.lock\" > /dev/null\nif [ $? != 0 ] ; then\n    # print error to STDERR\n    echo \"error: The sandbox is not in sync with the Podfile.lock. Run 'pod install' or update your CocoaPods installation.\" >&2\n    exit 1\nfi\n";
			showEnvVarsInLog = 0;
		};
/* End PBXShellScriptBuildPhase section */

/* Begin PBXSourcesBuildPhase section */
		04BE48461F962800001A9CD0 /* Sources */ = {
			isa = PBXSourcesBuildPhase;
			buildActionMask = 2147483647;
			files = (
				04BE485D1F962800001A9CD0 /* main.m in Sources */,
				04BE48A31F962ADC001A9CD0 /* HHTabBarCtl.m in Sources */,
				04BE48A01F962AC0001A9CD0 /* HHNavCtl.m in Sources */,
			);
			runOnlyForDeploymentPostprocessing = 0;
		};
		04BE485E1F962800001A9CD0 /* Sources */ = {
			isa = PBXSourcesBuildPhase;
			buildActionMask = 2147483647;
			files = (
				04BE48671F962800001A9CD0 /* HHGameTests.m in Sources */,
			);
			runOnlyForDeploymentPostprocessing = 0;
		};
		04BE48691F962800001A9CD0 /* Sources */ = {
			isa = PBXSourcesBuildPhase;
			buildActionMask = 2147483647;
			files = (
				04BE48721F962800001A9CD0 /* HHGameUITests.m in Sources */,
			);
			runOnlyForDeploymentPostprocessing = 0;
		};
/* End PBXSourcesBuildPhase section */

/* Begin PBXTargetDependency section */
		04BE48641F962800001A9CD0 /* PBXTargetDependency */ = {
			isa = PBXTargetDependency;
			target = 04BE48491F962800001A9CD0 /* HHGame */;
			targetProxy = 04BE48631F962800001A9CD0 /* PBXContainerItemProxy */;
		};
		04BE486F1F962800001A9CD0 /* PBXTargetDependency */ = {
			isa = PBXTargetDependency;
			target = 04BE48491F962800001A9CD0 /* HHGame */;
			targetProxy = 04BE486E1F962800001A9CD0 /* PBXContainerItemProxy */;
		};
/* End PBXTargetDependency section */

/* Begin PBXVariantGroup section */
		04BE48581F962800001A9CD0 /* LaunchScreen.storyboard */ = {
			isa = PBXVariantGroup;
			children = (
				04BE48591F962800001A9CD0 /* Base */,
			);
			name = LaunchScreen.storyboard;
			sourceTree = "<group>";
		};
/* End PBXVariantGroup section */

/* Begin XCBuildConfiguration section */
		04BE48741F962800001A9CD0 /* Debug */ = {
			isa = XCBuildConfiguration;
			buildSettings = {
				ALWAYS_SEARCH_USER_PATHS = NO;
				CLANG_ANALYZER_NONNULL = YES;
				CLANG_ANALYZER_NUMBER_OBJECT_CONVERSION = YES_AGGRESSIVE;
				CLANG_CXX_LANGUAGE_STANDARD = "gnu++14";
				CLANG_CXX_LIBRARY = "libc++";
				CLANG_ENABLE_MODULES = YES;
				CLANG_ENABLE_OBJC_ARC = YES;
				CLANG_WARN_BLOCK_CAPTURE_AUTORELEASING = YES;
				CLANG_WARN_BOOL_CONVERSION = YES;
				CLANG_WARN_COMMA = YES;
				CLANG_WARN_CONSTANT_CONVERSION = YES;
				CLANG_WARN_DIRECT_OBJC_ISA_USAGE = YES_ERROR;
				CLANG_WARN_DOCUMENTATION_COMMENTS = YES;
				CLANG_WARN_EMPTY_BODY = YES;
				CLANG_WARN_ENUM_CONVERSION = YES;
				CLANG_WARN_INFINITE_RECURSION = YES;
				CLANG_WARN_INT_CONVERSION = YES;
				CLANG_WARN_NON_LITERAL_NULL_CONVERSION = YES;
				CLANG_WARN_OBJC_LITERAL_CONVERSION = YES;
				CLANG_WARN_OBJC_ROOT_CLASS = YES_ERROR;
				CLANG_WARN_RANGE_LOOP_ANALYSIS = YES;
				CLANG_WARN_STRICT_PROTOTYPES = YES;
				CLANG_WARN_SUSPICIOUS_MOVE = YES;
				CLANG_WARN_UNGUARDED_AVAILABILITY = YES_AGGRESSIVE;
				CLANG_WARN_UNREACHABLE_CODE = YES;
				CLANG_WARN__DUPLICATE_METHOD_MATCH = YES;
				CODE_SIGN_IDENTITY = "iPhone Developer";
				COPY_PHASE_STRIP = NO;
				DEBUG_INFORMATION_FORMAT = dwarf;
				ENABLE_STRICT_OBJC_MSGSEND = YES;
				ENABLE_TESTABILITY = YES;
				GCC_C_LANGUAGE_STANDARD = gnu11;
				GCC_DYNAMIC_NO_PIC = NO;
				GCC_NO_COMMON_BLOCKS = YES;
				GCC_OPTIMIZATION_LEVEL = 0;
				GCC_PREPROCESSOR_DEFINITIONS = (
					"DEBUG=1",
					"$(inherited)",
				);
				GCC_WARN_64_TO_32_BIT_CONVERSION = YES;
				GCC_WARN_ABOUT_RETURN_TYPE = YES_ERROR;
				GCC_WARN_UNDECLARED_SELECTOR = YES;
				GCC_WARN_UNINITIALIZED_AUTOS = YES_AGGRESSIVE;
				GCC_WARN_UNUSED_FUNCTION = YES;
				GCC_WARN_UNUSED_VARIABLE = YES;
				IPHONEOS_DEPLOYMENT_TARGET = 11.0;
				MTL_ENABLE_DEBUG_INFO = YES;
				ONLY_ACTIVE_ARCH = YES;
				SDKROOT = iphoneos;
			};
			name = Debug;
		};
		04BE48751F962800001A9CD0 /* Release */ = {
			isa = XCBuildConfiguration;
			buildSettings = {
				ALWAYS_SEARCH_USER_PATHS = NO;
				CLANG_ANALYZER_NONNULL = YES;
				CLANG_ANALYZER_NUMBER_OBJECT_CONVERSION = YES_AGGRESSIVE;
				CLANG_CXX_LANGUAGE_STANDARD = "gnu++14";
				CLANG_CXX_LIBRARY = "libc++";
				CLANG_ENABLE_MODULES = YES;
				CLANG_ENABLE_OBJC_ARC = YES;
				CLANG_WARN_BLOCK_CAPTURE_AUTORELEASING = YES;
				CLANG_WARN_BOOL_CONVERSION = YES;
				CLANG_WARN_COMMA = YES;
				CLANG_WARN_CONSTANT_CONVERSION = YES;
				CLANG_WARN_DIRECT_OBJC_ISA_USAGE = YES_ERROR;
				CLANG_WARN_DOCUMENTATION_COMMENTS = YES;
				CLANG_WARN_EMPTY_BODY = YES;
				CLANG_WARN_ENUM_CONVERSION = YES;
				CLANG_WARN_INFINITE_RECURSION = YES;
				CLANG_WARN_INT_CONVERSION = YES;
				CLANG_WARN_NON_LITERAL_NULL_CONVERSION = YES;
				CLANG_WARN_OBJC_LITERAL_CONVERSION = YES;
				CLANG_WARN_OBJC_ROOT_CLASS = YES_ERROR;
				CLANG_WARN_RANGE_LOOP_ANALYSIS = YES;
				CLANG_WARN_STRICT_PROTOTYPES = YES;
				CLANG_WARN_SUSPICIOUS_MOVE = YES;
				CLANG_WARN_UNGUARDED_AVAILABILITY = YES_AGGRESSIVE;
				CLANG_WARN_UNREACHABLE_CODE = YES;
				CLANG_WARN__DUPLICATE_METHOD_MATCH = YES;
				CODE_SIGN_IDENTITY = "iPhone Developer";
				COPY_PHASE_STRIP = NO;
				DEBUG_INFORMATION_FORMAT = "dwarf-with-dsym";
				ENABLE_NS_ASSERTIONS = NO;
				ENABLE_STRICT_OBJC_MSGSEND = YES;
				GCC_C_LANGUAGE_STANDARD = gnu11;
				GCC_NO_COMMON_BLOCKS = YES;
				GCC_WARN_64_TO_32_BIT_CONVERSION = YES;
				GCC_WARN_ABOUT_RETURN_TYPE = YES_ERROR;
				GCC_WARN_UNDECLARED_SELECTOR = YES;
				GCC_WARN_UNINITIALIZED_AUTOS = YES_AGGRESSIVE;
				GCC_WARN_UNUSED_FUNCTION = YES;
				GCC_WARN_UNUSED_VARIABLE = YES;
				IPHONEOS_DEPLOYMENT_TARGET = 11.0;
				MTL_ENABLE_DEBUG_INFO = NO;
				SDKROOT = iphoneos;
				VALIDATE_PRODUCT = YES;
			};
			name = Release;
		};
		04BE48771F962800001A9CD0 /* Debug */ = {
			isa = XCBuildConfiguration;
			baseConfigurationReference = DFDFC85BE076EF6784C7E09F /* Pods-HHGame.debug.xcconfig */;
			buildSettings = {
				ASSETCATALOG_COMPILER_APPICON_NAME = AppIcon;
				CODE_SIGN_STYLE = Automatic;
				DEVELOPMENT_TEAM = 8NVN7R42Y6;
				INFOPLIST_FILE = HHGame/Info.plist;
				LD_RUNPATH_SEARCH_PATHS = "$(inherited) @executable_path/Frameworks";
				PRODUCT_BUNDLE_IDENTIFIER = colin.com.HHGame;
				PRODUCT_NAME = "$(TARGET_NAME)";
				TARGETED_DEVICE_FAMILY = "1,2";
			};
			name = Debug;
		};
		04BE48781F962800001A9CD0 /* Release */ = {
			isa = XCBuildConfiguration;
			baseConfigurationReference = B1DAA1DE4BB798ADB736FFA0 /* Pods-HHGame.release.xcconfig */;
			buildSettings = {
				ASSETCATALOG_COMPILER_APPICON_NAME = AppIcon;
				CODE_SIGN_STYLE = Automatic;
				DEVELOPMENT_TEAM = 8NVN7R42Y6;
				INFOPLIST_FILE = HHGame/Info.plist;
				LD_RUNPATH_SEARCH_PATHS = "$(inherited) @executable_path/Frameworks";
				PRODUCT_BUNDLE_IDENTIFIER = colin.com.HHGame;
				PRODUCT_NAME = "$(TARGET_NAME)";
				TARGETED_DEVICE_FAMILY = "1,2";
			};
			name = Release;
		};
		04BE487A1F962800001A9CD0 /* Debug */ = {
			isa = XCBuildConfiguration;
			buildSettings = {
				BUNDLE_LOADER = "$(TEST_HOST)";
				CODE_SIGN_STYLE = Automatic;
				INFOPLIST_FILE = HHGameTests/Info.plist;
				LD_RUNPATH_SEARCH_PATHS = "$(inherited) @executable_path/Frameworks @loader_path/Frameworks";
				PRODUCT_BUNDLE_IDENTIFIER = colin.com.HHGameTests;
				PRODUCT_NAME = "$(TARGET_NAME)";
				TARGETED_DEVICE_FAMILY = "1,2";
				TEST_HOST = "$(BUILT_PRODUCTS_DIR)/HHGame.app/HHGame";
			};
			name = Debug;
		};
		04BE487B1F962800001A9CD0 /* Release */ = {
			isa = XCBuildConfiguration;
			buildSettings = {
				BUNDLE_LOADER = "$(TEST_HOST)";
				CODE_SIGN_STYLE = Automatic;
				INFOPLIST_FILE = HHGameTests/Info.plist;
				LD_RUNPATH_SEARCH_PATHS = "$(inherited) @executable_path/Frameworks @loader_path/Frameworks";
				PRODUCT_BUNDLE_IDENTIFIER = colin.com.HHGameTests;
				PRODUCT_NAME = "$(TARGET_NAME)";
				TARGETED_DEVICE_FAMILY = "1,2";
				TEST_HOST = "$(BUILT_PRODUCTS_DIR)/HHGame.app/HHGame";
			};
			name = Release;
		};
		04BE487D1F962800001A9CD0 /* Debug */ = {
			isa = XCBuildConfiguration;
			buildSettings = {
				CODE_SIGN_STYLE = Automatic;
				INFOPLIST_FILE = HHGameUITests/Info.plist;
				LD_RUNPATH_SEARCH_PATHS = "$(inherited) @executable_path/Frameworks @loader_path/Frameworks";
				PRODUCT_BUNDLE_IDENTIFIER = colin.com.HHGameUITests;
				PRODUCT_NAME = "$(TARGET_NAME)";
				TARGETED_DEVICE_FAMILY = "1,2";
				TEST_TARGET_NAME = HHGame;
			};
			name = Debug;
		};
		04BE487E1F962800001A9CD0 /* Release */ = {
			isa = XCBuildConfiguration;
			buildSettings = {
				CODE_SIGN_STYLE = Automatic;
				INFOPLIST_FILE = HHGameUITests/Info.plist;
				LD_RUNPATH_SEARCH_PATHS = "$(inherited) @executable_path/Frameworks @loader_path/Frameworks";
				PRODUCT_BUNDLE_IDENTIFIER = colin.com.HHGameUITests;
				PRODUCT_NAME = "$(TARGET_NAME)";
				TARGETED_DEVICE_FAMILY = "1,2";
				TEST_TARGET_NAME = HHGame;
			};
			name = Release;
		};
/* End XCBuildConfiguration section */

/* Begin XCConfigurationList section */
		04BE48451F962800001A9CD0 /* Build configuration list for PBXProject "HHGame" */ = {
			isa = XCConfigurationList;
			buildConfigurations = (
				04BE48741F962800001A9CD0 /* Debug */,
				04BE48751F962800001A9CD0 /* Release */,
			);
			defaultConfigurationIsVisible = 0;
			defaultConfigurationName = Release;
		};
		04BE48761F962800001A9CD0 /* Build configuration list for PBXNativeTarget "HHGame" */ = {
			isa = XCConfigurationList;
			buildConfigurations = (
				04BE48771F962800001A9CD0 /* Debug */,
				04BE48781F962800001A9CD0 /* Release */,
			);
			defaultConfigurationIsVisible = 0;
			defaultConfigurationName = Release;
		};
		04BE48791F962800001A9CD0 /* Build configuration list for PBXNativeTarget "HHGameTests" */ = {
			isa = XCConfigurationList;
			buildConfigurations = (
				04BE487A1F962800001A9CD0 /* Debug */,
				04BE487B1F962800001A9CD0 /* Release */,
			);
			defaultConfigurationIsVisible = 0;
			defaultConfigurationName = Release;
		};
		04BE487C1F962800001A9CD0 /* Build configuration list for PBXNativeTarget "HHGameUITests" */ = {
			isa = XCConfigurationList;
			buildConfigurations = (
				04BE487D1F962800001A9CD0 /* Debug */,
				04BE487E1F962800001A9CD0 /* Release */,
			);
			defaultConfigurationIsVisible = 0;
			defaultConfigurationName = Release;
		};
/* End XCConfigurationList section */
	};
	rootObject = 04BE48421F962800001A9CD0 /* Project object */;
}
